
Microsoft Visual Studio Solution File, Format Version 12.00
# Visual Studio Version 17
VisualStudioVersion = 17.7.34009.444
MinimumVisualStudioVersion = 10.0.40219.1
Project("{FAE04EC0-301F-11D3-BF4B-00C04F79EFBC}") = "PrintMashBlazor", "PrintMashBlazor.csproj", "{C286A124-2C14-4496-BF13-142CEEEDAC61}"
EndProject
Global
	GlobalSection(SolutionConfigurationPlatforms) = preSolution
		Debug|Any CPU = Debug|Any CPU
		Release|Any CPU = Release|Any CPU
	EndGlobalSection
	GlobalSection(ProjectConfigurationPlatforms) = postSolution
		{C286A124-2C14-4496-BF13-142CEEEDAC61}.Debug|Any CPU.ActiveCfg = Debug|Any CPU
		{C286A124-2C14-4496-BF13-142CEEEDAC61}.Debug|Any CPU.Build.0 = Debug|Any CPU
		{C286A124-2C14-4496-BF13-142CEEEDAC61}.Release|Any CPU.ActiveCfg = Release|Any CPU
		{C286A124-2C14-4496-BF13-142CEEEDAC61}.Release|Any CPU.Build.0 = Release|Any CPU
	EndGlobalSection
	GlobalSection(SolutionProperties) = preSolution
		HideSolutionNode = FALSE
	EndGlobalSection
	GlobalSection(ExtensibilityGlobals) = postSolution
		SolutionGuid = {4199E540-BA7D-4894-84FE-69E7D51D6765}
	EndGlobalSection
EndGlobal
